
Microsoft Visual Studio Solution File, Format Version 12.00
# Visual Studio Version 17
VisualStudioVersion = 17.0.31903.59
MinimumVisualStudioVersion = 10.0.40219.1
Project("{FAE04EC0-301F-11D3-BF4B-00C04F79EFBC}") = "Calculator.Core", "Calculator.Core\Calculator.Core.csproj", "{7B681BD3-1A2D-4EF7-B17C-C7340EB33339}"
EndProject
Project("{FAE04EC0-301F-11D3-BF4B-00C04F79EFBC}") = "Calculator.Tests", "Calculator.Tests\Calculator.Tests.csproj", "{70C71AD4-FB31-48D5-B3CF-E993FBEFA572}"
EndProject
Global
	GlobalSection(SolutionConfigurationPlatforms) = preSolution
		Debug|Any CPU = Debug|Any CPU
		Release|Any CPU = Release|Any CPU
	EndGlobalSection
	GlobalSection(ProjectConfigurationPlatforms) = postSolution
		{7B681BD3-1A2D-4EF7-B17C-C7340EB33339}.Debug|Any CPU.ActiveCfg = Debug|Any CPU
		{7B681BD3-1A2D-4EF7-B17C-C7340EB33339}.Debug|Any CPU.Build.0 = Debug|Any CPU
		{7B681BD3-1A2D-4EF7-B17C-C7340EB33339}.Release|Any CPU.ActiveCfg = Release|Any CPU
		{7B681BD3-1A2D-4EF7-B17C-C7340EB33339}.Release|Any CPU.Build.0 = Release|Any CPU
		{70C71AD4-FB31-48D5-B3CF-E993FBEFA572}.Debug|Any CPU.ActiveCfg = Debug|Any CPU
		{70C71AD4-FB31-48D5-B3CF-E993FBEFA572}.Debug|Any CPU.Build.0 = Debug|Any CPU
		{70C71AD4-FB31-48D5-B3CF-E993FBEFA572}.Release|Any CPU.ActiveCfg = Release|Any CPU
		{70C71AD4-FB31-48D5-B3CF-E993FBEFA572}.Release|Any CPU.Build.0 = Release|Any CPU
	EndGlobalSection
	GlobalSection(SolutionProperties) = preSolution
		HideSolutionNode = FALSE
	EndGlobalSection
EndGlobal
